
Microsoft Visual Studio Solution File, Format Version 12.00
# Visual Studio Version 16
VisualStudioVersion = 16.0.31624.102
MinimumVisualStudioVersion = 10.0.40219.1
Project("{FAE04EC0-301F-11D3-BF4B-00C04F79EFBC}") = "eInfrastructure", "eInfrastructure\eInfrastructure.csproj", "{673D3AA2-E705-4901-A148-A333DB3CBD4B}"
EndProject
Project("{FAE04EC0-301F-11D3-BF4B-00C04F79EFBC}") = "eService", "eService\eService.csproj", "{71623D81-86CB-4CD0-B960-EDE19C55BAE2}"
	ProjectSection(ProjectDependencies) = postProject
		{673D3AA2-E705-4901-A148-A333DB3CBD4B} = {673D3AA2-E705-4901-A148-A333DB3CBD4B}
	EndProjectSection
EndProject
Project("{FAE04EC0-301F-11D3-BF4B-00C04F79EFBC}") = "eWebApi", "eWebApi\eWebApi.csproj", "{565235B6-0FC9-4EC6-9371-ACBAD8326A63}"
	ProjectSection(ProjectDependencies) = postProject
		{71623D81-86CB-4CD0-B960-EDE19C55BAE2} = {71623D81-86CB-4CD0-B960-EDE19C55BAE2}
		{673D3AA2-E705-4901-A148-A333DB3CBD4B} = {673D3AA2-E705-4901-A148-A333DB3CBD4B}
	EndProjectSection
EndProject
Global
	GlobalSection(SolutionConfigurationPlatforms) = preSolution
		Debug|Any CPU = Debug|Any CPU
		Release|Any CPU = Release|Any CPU
	EndGlobalSection
	GlobalSection(ProjectConfigurationPlatforms) = postSolution
		{673D3AA2-E705-4901-A148-A333DB3CBD4B}.Debug|Any CPU.ActiveCfg = Debug|Any CPU
		{673D3AA2-E705-4901-A148-A333DB3CBD4B}.Debug|Any CPU.Build.0 = Debug|Any CPU
		{673D3AA2-E705-4901-A148-A333DB3CBD4B}.Release|Any CPU.ActiveCfg = Release|Any CPU
		{673D3AA2-E705-4901-A148-A333DB3CBD4B}.Release|Any CPU.Build.0 = Release|Any CPU
		{71623D81-86CB-4CD0-B960-EDE19C55BAE2}.Debug|Any CPU.ActiveCfg = Debug|Any CPU
		{71623D81-86CB-4CD0-B960-EDE19C55BAE2}.Debug|Any CPU.Build.0 = Debug|Any CPU
		{71623D81-86CB-4CD0-B960-EDE19C55BAE2}.Release|Any CPU.ActiveCfg = Release|Any CPU
		{71623D81-86CB-4CD0-B960-EDE19C55BAE2}.Release|Any CPU.Build.0 = Release|Any CPU
		{565235B6-0FC9-4EC6-9371-ACBAD8326A63}.Debug|Any CPU.ActiveCfg = Debug|Any CPU
		{565235B6-0FC9-4EC6-9371-ACBAD8326A63}.Debug|Any CPU.Build.0 = Debug|Any CPU
		{565235B6-0FC9-4EC6-9371-ACBAD8326A63}.Release|Any CPU.ActiveCfg = Release|Any CPU
		{565235B6-0FC9-4EC6-9371-ACBAD8326A63}.Release|Any CPU.Build.0 = Release|Any CPU
	EndGlobalSection
	GlobalSection(SolutionProperties) = preSolution
		HideSolutionNode = FALSE
	EndGlobalSection
	GlobalSection(ExtensibilityGlobals) = postSolution
		SolutionGuid = {85360D17-1742-4514-8A85-1BBBFEA06A99}
	EndGlobalSection
EndGlobal
